// !$*UTF8*$!
{
	archiveVersion = 1;
	classes = {
	};
	objectVersion = 56;
	objects = {

/* Begin PBXBuildFile section */
		8069C3FB28985C5F0011468D /* WeatherAppAnimationsApp.swift in Sources */ = {isa = PBXBuildFile; fileRef = 8069C3FA28985C5F0011468D /* WeatherAppAnimationsApp.swift */; };
		8069C3FD28985C5F0011468D /* ContentView.swift in Sources */ = {isa = PBXBuildFile; fileRef = 8069C3FC28985C5F0011468D /* ContentView.swift */; };
		8069C3FF28985C600011468D /* Assets.xcassets in Resources */ = {isa = PBXBuildFile; fileRef = 8069C3FE28985C600011468D /* Assets.xcassets */; };
		8069C40228985C600011468D /* Preview Assets.xcassets in Resources */ = {isa = PBXBuildFile; fileRef = 8069C40128985C600011468D /* Preview Assets.xcassets */; };
		8069C41028985FA10011468D /* Extensions.swift in Sources */ = {isa = PBXBuildFile; fileRef = 8069C40F28985FA10011468D /* Extensions.swift */; };
		8069C4122898604E0011468D /* HomeView.swift in Sources */ = {isa = PBXBuildFile; fileRef = 8069C4112898604E0011468D /* HomeView.swift */; };
		8069C414289865240011468D /* TabBar.swift in Sources */ = {isa = PBXBuildFile; fileRef = 8069C413289865240011468D /* TabBar.swift */; };
		8069C416289867CF0011468D /* Shapes.swift in Sources */ = {isa = PBXBuildFile; fileRef = 8069C415289867CF0011468D /* Shapes.swift */; };
		8069C41928986BFB0011468D /* BottomSheet in Frameworks */ = {isa = PBXBuildFile; productRef = 8069C41828986BFB0011468D /* BottomSheet */; };
		8069C41B28986D9B0011468D /* ForecastView.swift in Sources */ = {isa = PBXBuildFile; fileRef = 8069C41A28986D9B0011468D /* ForecastView.swift */; };
		8069C41D2898707C0011468D /* Blur.swift in Sources */ = {isa = PBXBuildFile; fileRef = 8069C41C2898707C0011468D /* Blur.swift */; };
		8069C41F289880F60011468D /* SegmentedControl.swift in Sources */ = {isa = PBXBuildFile; fileRef = 8069C41E289880F60011468D /* SegmentedControl.swift */; };
/* End PBXBuildFile section */

/* Begin PBXFileReference section */
		8069C3F728985C5F0011468D /* WeatherAppAnimations.app */ = {isa = PBXFileReference; explicitFileType = wrapper.application; includeInIndex = 0; path = WeatherAppAnimations.app; sourceTree = BUILT_PRODUCTS_DIR; };
		8069C3FA28985C5F0011468D /* WeatherAppAnimationsApp.swift */ = {isa = PBXFileReference; lastKnownFileType = sourcecode.swift; path = WeatherAppAnimationsApp.swift; sourceTree = "<group>"; };
		8069C3FC28985C5F0011468D /* ContentView.swift */ = {isa = PBXFileReference; lastKnownFileType = sourcecode.swift; path = ContentView.swift; sourceTree = "<group>"; };
		8069C3FE28985C600011468D /* Assets.xcassets */ = {isa = PBXFileReference; lastKnownFileType = folder.assetcatalog; path = Assets.xcassets; sourceTree = "<group>"; };
		8069C40128985C600011468D /* Preview Assets.xcassets */ = {isa = PBXFileReference; lastKnownFileType = folder.assetcatalog; path = "Preview Assets.xcassets"; sourceTree = "<group>"; };
		8069C40F28985FA10011468D /* Extensions.swift */ = {isa = PBXFileReference; lastKnownFileType = sourcecode.swift; path = Extensions.swift; sourceTree = "<group>"; };
		8069C4112898604E0011468D /* HomeView.swift */ = {isa = PBXFileReference; lastKnownFileType = sourcecode.swift; path = HomeView.swift; sourceTree = "<group>"; };
		8069C413289865240011468D /* TabBar.swift */ = {isa = PBXFileReference; lastKnownFileType = sourcecode.swift; path = TabBar.swift; sourceTree = "<group>"; };
		8069C415289867CF0011468D /* Shapes.swift */ = {isa = PBXFileReference; lastKnownFileType = sourcecode.swift; path = Shapes.swift; sourceTree = "<group>"; };
		8069C41A28986D9B0011468D /* ForecastView.swift */ = {isa = PBXFileReference; lastKnownFileType = sourcecode.swift; path = ForecastView.swift; sourceTree = "<group>"; };
		8069C41C2898707C0011468D /* Blur.swift */ = {isa = PBXFileReference; lastKnownFileType = sourcecode.swift; path = Blur.swift; sourceTree = "<group>"; };
		8069C41E289880F60011468D /* SegmentedControl.swift */ = {isa = PBXFileReference; lastKnownFileType = sourcecode.swift; path = SegmentedControl.swift; sourceTree = "<group>"; };
/* End PBXFileReference section */

/* Begin PBXFrameworksBuildPhase section */
		8069C3F428985C5F0011468D /* Frameworks */ = {
			isa = PBXFrameworksBuildPhase;
			buildActionMask = 2147483647;
			files = (
				8069C41928986BFB0011468D /* BottomSheet in Frameworks */,
			);
			runOnlyForDeploymentPostprocessing = 0;
		};
/* End PBXFrameworksBuildPhase section */

/* Begin PBXGroup section */
		8069C3EE28985C5F0011468D = {
			isa = PBXGroup;
			children = (
				8069C3F928985C5F0011468D /* WeatherAppAnimations */,
				8069C3F828985C5F0011468D /* Products */,
			);
			sourceTree = "<group>";
		};
		8069C3F828985C5F0011468D /* Products */ = {
			isa = PBXGroup;
			children = (
				8069C3F728985C5F0011468D /* WeatherAppAnimations.app */,
			);
			name = Products;
			sourceTree = "<group>";
		};
		8069C3F928985C5F0011468D /* WeatherAppAnimations */ = {
			isa = PBXGroup;
			children = (
				8069C40828985ECE0011468D /* Views */,
				8069C40928985EE50011468D /* Models */,
				8069C40A28985EF00011468D /* Utils */,
				8069C3FA28985C5F0011468D /* WeatherAppAnimationsApp.swift */,
				8069C3FE28985C600011468D /* Assets.xcassets */,
				8069C40028985C600011468D /* Preview Content */,
			);
			path = WeatherAppAnimations;
			sourceTree = "<group>";
		};
		8069C40028985C600011468D /* Preview Content */ = {
			isa = PBXGroup;
			children = (
				8069C40128985C600011468D /* Preview Assets.xcassets */,
			);
			path = "Preview Content";
			sourceTree = "<group>";
		};
		8069C40828985ECE0011468D /* Views */ = {
			isa = PBXGroup;
			children = (
				8069C40B28985F0D0011468D /* Main */,
				8069C40E28985F410011468D /* Navigation */,
				8069C40D28985F200011468D /* Components */,
				8069C40C28985F120011468D /* Detail */,
			);
			path = Views;
			sourceTree = "<group>";
		};
		8069C40928985EE50011468D /* Models */ = {
			isa = PBXGroup;
			children = (
			);
			path = Models;
			sourceTree = "<group>";
		};
		8069C40A28985EF00011468D /* Utils */ = {
			isa = PBXGroup;
			children = (
				8069C40F28985FA10011468D /* Extensions.swift */,
				8069C415289867CF0011468D /* Shapes.swift */,
			);
			path = Utils;
			sourceTree = "<group>";
		};
		8069C40B28985F0D0011468D /* Main */ = {
			isa = PBXGroup;
			children = (
				8069C3FC28985C5F0011468D /* ContentView.swift */,
				8069C4112898604E0011468D /* HomeView.swift */,
			);
			path = Main;
			sourceTree = "<group>";
		};
		8069C40C28985F120011468D /* Detail */ = {
			isa = PBXGroup;
			children = (
				8069C41A28986D9B0011468D /* ForecastView.swift */,
			);
			path = Detail;
			sourceTree = "<group>";
		};
		8069C40D28985F200011468D /* Components */ = {
			isa = PBXGroup;
			children = (
				8069C41C2898707C0011468D /* Blur.swift */,
				8069C41E289880F60011468D /* SegmentedControl.swift */,
			);
			path = Components;
			sourceTree = "<group>";
		};
		8069C40E28985F410011468D /* Navigation */ = {
			isa = PBXGroup;
			children = (
				8069C413289865240011468D /* TabBar.swift */,
			);
			path = Navigation;
			sourceTree = "<group>";
		};
/* End PBXGroup section */

/* Begin PBXNativeTarget section */
		8069C3F628985C5F0011468D /* WeatherAppAnimations */ = {
			isa = PBXNativeTarget;
			buildConfigurationList = 8069C40528985C600011468D /* Build configuration list for PBXNativeTarget "WeatherAppAnimations" */;
			buildPhases = (
				8069C3F328985C5F0011468D /* Sources */,
				8069C3F428985C5F0011468D /* Frameworks */,
				8069C3F528985C5F0011468D /* Resources */,
			);
			buildRules = (
			);
			dependencies = (
			);
			name = WeatherAppAnimations;
			packageProductDependencies = (
				8069C41828986BFB0011468D /* BottomSheet */,
			);
			productName = WeatherAppAnimations;
			productReference = 8069C3F728985C5F0011468D /* WeatherAppAnimations.app */;
			productType = "com.apple.product-type.application";
		};
/* End PBXNativeTarget section */

/* Begin PBXProject section */
		8069C3EF28985C5F0011468D /* Project object */ = {
			isa = PBXProject;
			attributes = {
				BuildIndependentTargetsInParallel = 1;
				LastSwiftUpdateCheck = 1400;
				LastUpgradeCheck = 1400;
				TargetAttributes = {
					8069C3F628985C5F0011468D = {
						CreatedOnToolsVersion = 14.0;
					};
				};
			};
			buildConfigurationList = 8069C3F228985C5F0011468D /* Build configuration list for PBXProject "WeatherAppAnimations" */;
			compatibilityVersion = "Xcode 14.0";
			developmentRegion = en;
			hasScannedForEncodings = 0;
			knownRegions = (
				en,
				Base,
			);
			mainGroup = 8069C3EE28985C5F0011468D;
			packageReferences = (
				8069C41728986BFB0011468D /* XCRemoteSwiftPackageReference "BottomSheet" */,
			);
			productRefGroup = 8069C3F828985C5F0011468D /* Products */;
			projectDirPath = "";
			projectRoot = "";
			targets = (
				8069C3F628985C5F0011468D /* WeatherAppAnimations */,
			);
		};
/* End PBXProject section */

/* Begin PBXResourcesBuildPhase section */
		8069C3F528985C5F0011468D /* Resources */ = {
			isa = PBXResourcesBuildPhase;
			buildActionMask = 2147483647;
			files = (
				8069C40228985C600011468D /* Preview Assets.xcassets in Resources */,
				8069C3FF28985C600011468D /* Assets.xcassets in Resources */,
			);
			runOnlyForDeploymentPostprocessing = 0;
		};
/* End PBXResourcesBuildPhase section */

/* Begin PBXSourcesBuildPhase section */
		8069C3F328985C5F0011468D /* Sources */ = {
			isa = PBXSourcesBuildPhase;
			buildActionMask = 2147483647;
			files = (
				8069C3FD28985C5F0011468D /* ContentView.swift in Sources */,
				8069C41F289880F60011468D /* SegmentedControl.swift in Sources */,
				8069C4122898604E0011468D /* HomeView.swift in Sources */,
				8069C41D2898707C0011468D /* Blur.swift in Sources */,
				8069C41028985FA10011468D /* Extensions.swift in Sources */,
				8069C3FB28985C5F0011468D /* WeatherAppAnimationsApp.swift in Sources */,
				8069C41B28986D9B0011468D /* ForecastView.swift in Sources */,
				8069C414289865240011468D /* TabBar.swift in Sources */,
				8069C416289867CF0011468D /* Shapes.swift in Sources */,
			);
			runOnlyForDeploymentPostprocessing = 0;
		};
/* End PBXSourcesBuildPhase section */

/* Begin XCBuildConfiguration section */
		8069C40328985C600011468D /* Debug */ = {
			isa = XCBuildConfiguration;
			buildSettings = {
				ALWAYS_SEARCH_USER_PATHS = NO;
				CLANG_ANALYZER_NONNULL = YES;
				CLANG_ANALYZER_NUMBER_OBJECT_CONVERSION = YES_AGGRESSIVE;
				CLANG_CXX_LANGUAGE_STANDARD = "gnu++20";
				CLANG_ENABLE_MODULES = YES;
				CLANG_ENABLE_OBJC_ARC = YES;
				CLANG_ENABLE_OBJC_WEAK = YES;
				CLANG_WARN_BLOCK_CAPTURE_AUTORELEASING = YES;
				CLANG_WARN_BOOL_CONVERSION = YES;
				CLANG_WARN_COMMA = YES;
				CLANG_WARN_CONSTANT_CONVERSION = YES;
				CLANG_WARN_DEPRECATED_OBJC_IMPLEMENTATIONS = YES;
				CLANG_WARN_DIRECT_OBJC_ISA_USAGE = YES_ERROR;
				CLANG_WARN_DOCUMENTATION_COMMENTS = YES;
				CLANG_WARN_EMPTY_BODY = YES;
				CLANG_WARN_ENUM_CONVERSION = YES;
				CLANG_WARN_INFINITE_RECURSION = YES;
				CLANG_WARN_INT_CONVERSION = YES;
				CLANG_WARN_NON_LITERAL_NULL_CONVERSION = YES;
				CLANG_WARN_OBJC_IMPLICIT_RETAIN_SELF = YES;
				CLANG_WARN_OBJC_LITERAL_CONVERSION = YES;
				CLANG_WARN_OBJC_ROOT_CLASS = YES_ERROR;
				CLANG_WARN_QUOTED_INCLUDE_IN_FRAMEWORK_HEADER = YES;
				CLANG_WARN_RANGE_LOOP_ANALYSIS = YES;
				CLANG_WARN_STRICT_PROTOTYPES = YES;
				CLANG_WARN_SUSPICIOUS_MOVE = YES;
				CLANG_WARN_UNGUARDED_AVAILABILITY = YES_AGGRESSIVE;
				CLANG_WARN_UNREACHABLE_CODE = YES;
				CLANG_WARN__DUPLICATE_METHOD_MATCH = YES;
				COPY_PHASE_STRIP = NO;
				DEBUG_INFORMATION_FORMAT = dwarf;
				ENABLE_STRICT_OBJC_MSGSEND = YES;
				ENABLE_TESTABILITY = YES;
				GCC_C_LANGUAGE_STANDARD = gnu11;
				GCC_DYNAMIC_NO_PIC = NO;
				GCC_NO_COMMON_BLOCKS = YES;
				GCC_OPTIMIZATION_LEVEL = 0;
				GCC_PREPROCESSOR_DEFINITIONS = (
					"DEBUG=1",
					"$(inherited)",
				);
				GCC_WARN_64_TO_32_BIT_CONVERSION = YES;
				GCC_WARN_ABOUT_RETURN_TYPE = YES_ERROR;
				GCC_WARN_UNDECLARED_SELECTOR = YES;
				GCC_WARN_UNINITIALIZED_AUTOS = YES_AGGRESSIVE;
				GCC_WARN_UNUSED_FUNCTION = YES;
				GCC_WARN_UNUSED_VARIABLE = YES;
				IPHONEOS_DEPLOYMENT_TARGET = 16.0;
				MTL_ENABLE_DEBUG_INFO = INCLUDE_SOURCE;
				MTL_FAST_MATH = YES;
				ONLY_ACTIVE_ARCH = YES;
				SDKROOT = iphoneos;
				SWIFT_ACTIVE_COMPILATION_CONDITIONS = DEBUG;
				SWIFT_OPTIMIZATION_LEVEL = "-Onone";
			};
			name = Debug;
		};
		8069C40428985C600011468D /* Release */ = {
			isa = XCBuildConfiguration;
			buildSettings = {
				ALWAYS_SEARCH_USER_PATHS = NO;
				CLANG_ANALYZER_NONNULL = YES;
				CLANG_ANALYZER_NUMBER_OBJECT_CONVERSION = YES_AGGRESSIVE;
				CLANG_CXX_LANGUAGE_STANDARD = "gnu++20";
				CLANG_ENABLE_MODULES = YES;
				CLANG_ENABLE_OBJC_ARC = YES;
				CLANG_ENABLE_OBJC_WEAK = YES;
				CLANG_WARN_BLOCK_CAPTURE_AUTORELEASING = YES;
				CLANG_WARN_BOOL_CONVERSION = YES;
				CLANG_WARN_COMMA = YES;
				CLANG_WARN_CONSTANT_CONVERSION = YES;
				CLANG_WARN_DEPRECATED_OBJC_IMPLEMENTATIONS = YES;
				CLANG_WARN_DIRECT_OBJC_ISA_USAGE = YES_ERROR;
				CLANG_WARN_DOCUMENTATION_COMMENTS = YES;
				CLANG_WARN_EMPTY_BODY = YES;
				CLANG_WARN_ENUM_CONVERSION = YES;
				CLANG_WARN_INFINITE_RECURSION = YES;
				CLANG_WARN_INT_CONVERSION = YES;
				CLANG_WARN_NON_LITERAL_NULL_CONVERSION = YES;
				CLANG_WARN_OBJC_IMPLICIT_RETAIN_SELF = YES;
				CLANG_WARN_OBJC_LITERAL_CONVERSION = YES;
				CLANG_WARN_OBJC_ROOT_CLASS = YES_ERROR;
				CLANG_WARN_QUOTED_INCLUDE_IN_FRAMEWORK_HEADER = YES;
				CLANG_WARN_RANGE_LOOP_ANALYSIS = YES;
				CLANG_WARN_STRICT_PROTOTYPES = YES;
				CLANG_WARN_SUSPICIOUS_MOVE = YES;
				CLANG_WARN_UNGUARDED_AVAILABILITY = YES_AGGRESSIVE;
				CLANG_WARN_UNREACHABLE_CODE = YES;
				CLANG_WARN__DUPLICATE_METHOD_MATCH = YES;
				COPY_PHASE_STRIP = NO;
				DEBUG_INFORMATION_FORMAT = "dwarf-with-dsym";
				ENABLE_NS_ASSERTIONS = NO;
				ENABLE_STRICT_OBJC_MSGSEND = YES;
				GCC_C_LANGUAGE_STANDARD = gnu11;
				GCC_NO_COMMON_BLOCKS = YES;
				GCC_WARN_64_TO_32_BIT_CONVERSION = YES;
				GCC_WARN_ABOUT_RETURN_TYPE = YES_ERROR;
				GCC_WARN_UNDECLARED_SELECTOR = YES;
				GCC_WARN_UNINITIALIZED_AUTOS = YES_AGGRESSIVE;
				GCC_WARN_UNUSED_FUNCTION = YES;
				GCC_WARN_UNUSED_VARIABLE = YES;
				IPHONEOS_DEPLOYMENT_TARGET = 16.0;
				MTL_ENABLE_DEBUG_INFO = NO;
				MTL_FAST_MATH = YES;
				SDKROOT = iphoneos;
				SWIFT_COMPILATION_MODE = wholemodule;
				SWIFT_OPTIMIZATION_LEVEL = "-O";
				VALIDATE_PRODUCT = YES;
			};
			name = Release;
		};
		8069C40628985C600011468D /* Debug */ = {
			isa = XCBuildConfiguration;
			buildSettings = {
				ASSETCATALOG_COMPILER_APPICON_NAME = AppIcon;
				ASSETCATALOG_COMPILER_GLOBAL_ACCENT_COLOR_NAME = AccentColor;
				CODE_SIGN_STYLE = Automatic;
				CURRENT_PROJECT_VERSION = 1;
				DEVELOPMENT_ASSET_PATHS = "\"WeatherAppAnimations/Preview Content\"";
				DEVELOPMENT_TEAM = ZQDPVPQ343;
				ENABLE_PREVIEWS = YES;
				GENERATE_INFOPLIST_FILE = YES;
				INFOPLIST_KEY_UIApplicationSceneManifest_Generation = YES;
				INFOPLIST_KEY_UIApplicationSupportsIndirectInputEvents = YES;
				INFOPLIST_KEY_UILaunchScreen_Generation = YES;
				INFOPLIST_KEY_UISupportedInterfaceOrientations_iPad = "UIInterfaceOrientationPortrait UIInterfaceOrientationPortraitUpsideDown UIInterfaceOrientationLandscapeLeft UIInterfaceOrientationLandscapeRight";
				INFOPLIST_KEY_UISupportedInterfaceOrientations_iPhone = "UIInterfaceOrientationPortrait UIInterfaceOrientationLandscapeLeft UIInterfaceOrientationLandscapeRight";
				LD_RUNPATH_SEARCH_PATHS = (
					"$(inherited)",
					"@executable_path/Frameworks",
				);
				MARKETING_VERSION = 1.0;
				PRODUCT_BUNDLE_IDENTIFIER = code.josavicente.WeatherAppAnimations;
				PRODUCT_NAME = "$(TARGET_NAME)";
				SWIFT_EMIT_LOC_STRINGS = YES;
				SWIFT_VERSION = 5.0;
				TARGETED_DEVICE_FAMILY = "1,2";
			};
			name = Debug;
		};
		8069C40728985C600011468D /* Release */ = {
			isa = XCBuildConfiguration;
			buildSettings = {
				ASSETCATALOG_COMPILER_APPICON_NAME = AppIcon;
				ASSETCATALOG_COMPILER_GLOBAL_ACCENT_COLOR_NAME = AccentColor;
				CODE_SIGN_STYLE = Automatic;
				CURRENT_PROJECT_VERSION = 1;
				DEVELOPMENT_ASSET_PATHS = "\"WeatherAppAnimations/Preview Content\"";
				DEVELOPMENT_TEAM = ZQDPVPQ343;
				ENABLE_PREVIEWS = YES;
				GENERATE_INFOPLIST_FILE = YES;
				INFOPLIST_KEY_UIApplicationSceneManifest_Generation = YES;
				INFOPLIST_KEY_UIApplicationSupportsIndirectInputEvents = YES;
				INFOPLIST_KEY_UILaunchScreen_Generation = YES;
				INFOPLIST_KEY_UISupportedInterfaceOrientations_iPad = "UIInterfaceOrientationPortrait UIInterfaceOrientationPortraitUpsideDown UIInterfaceOrientationLandscapeLeft UIInterfaceOrientationLandscapeRight";
				INFOPLIST_KEY_UISupportedInterfaceOrientations_iPhone = "UIInterfaceOrientationPortrait UIInterfaceOrientationLandscapeLeft UIInterfaceOrientationLandscapeRight";
				LD_RUNPATH_SEARCH_PATHS = (
					"$(inherited)",
					"@executable_path/Frameworks",
				);
				MARKETING_VERSION = 1.0;
				PRODUCT_BUNDLE_IDENTIFIER = code.josavicente.WeatherAppAnimations;
				PRODUCT_NAME = "$(TARGET_NAME)";
				SWIFT_EMIT_LOC_STRINGS = YES;
				SWIFT_VERSION = 5.0;
				TARGETED_DEVICE_FAMILY = "1,2";
			};
			name = Release;
		};
/* End XCBuildConfiguration section */

/* Begin XCConfigurationList section */
		8069C3F228985C5F0011468D /* Build configuration list for PBXProject "WeatherAppAnimations" */ = {
			isa = XCConfigurationList;
			buildConfigurations = (
				8069C40328985C600011468D /* Debug */,
				8069C40428985C600011468D /* Release */,
			);
			defaultConfigurationIsVisible = 0;
			defaultConfigurationName = Release;
		};
		8069C40528985C600011468D /* Build configuration list for PBXNativeTarget "WeatherAppAnimations" */ = {
			isa = XCConfigurationList;
			buildConfigurations = (
				8069C40628985C600011468D /* Debug */,
				8069C40728985C600011468D /* Release */,
			);
			defaultConfigurationIsVisible = 0;
			defaultConfigurationName = Release;
		};
/* End XCConfigurationList section */

/* Begin XCRemoteSwiftPackageReference section */
		8069C41728986BFB0011468D /* XCRemoteSwiftPackageReference "BottomSheet" */ = {
			isa = XCRemoteSwiftPackageReference;
			repositoryURL = "https://github.com/Wouter125/BottomSheet.git";
			requirement = {
				kind = upToNextMajorVersion;
				minimumVersion = 1.0.0;
			};
		};
/* End XCRemoteSwiftPackageReference section */

/* Begin XCSwiftPackageProductDependency section */
		8069C41828986BFB0011468D /* BottomSheet */ = {
			isa = XCSwiftPackageProductDependency;
			package = 8069C41728986BFB0011468D /* XCRemoteSwiftPackageReference "BottomSheet" */;
			productName = BottomSheet;
		};
/* End XCSwiftPackageProductDependency section */
	};
	rootObject = 8069C3EF28985C5F0011468D /* Project object */;
}
